
Microsoft Visual Studio Solution File, Format Version 12.00
# Visual Studio 15
Project("{FAE04EC0-301F-11D3-BF4B-00C04F79EFBC}") = "Demo1.Android", "Demo1.Android\Demo1.Android.csproj", "{A008E9B5-D56F-43EB-A013-4C6FF736E17B}"
EndProject
Project("{FAE04EC0-301F-11D3-BF4B-00C04F79EFBC}") = "Demo1.iOS", "Demo1.iOS\Demo1.iOS.csproj", "{69DA10F0-CDF3-4959-8FD3-7761A0DE1BCD}"
EndProject
Project("{FAE04EC0-301F-11D3-BF4B-00C04F79EFBC}") = "Demo1", "Demo1\Demo1.csproj", "{BD4A4A8B-3703-4973-ABFD-866A86C2C8A0}"
EndProject
Global
	GlobalSection(SolutionConfigurationPlatforms) = preSolution
		Debug|Any CPU = Debug|Any CPU
		Release|Any CPU = Release|Any CPU
		Debug|iPhoneSimulator = Debug|iPhoneSimulator
		Release|iPhoneSimulator = Release|iPhoneSimulator
		Debug|iPhone = Debug|iPhone
		Release|iPhone = Release|iPhone
		Ad-Hoc|iPhone = Ad-Hoc|iPhone
		AppStore|iPhone = AppStore|iPhone
	EndGlobalSection
	GlobalSection(ProjectConfigurationPlatforms) = postSolution
		{A008E9B5-D56F-43EB-A013-4C6FF736E17B}.Debug|Any CPU.ActiveCfg = Debug|Any CPU
		{A008E9B5-D56F-43EB-A013-4C6FF736E17B}.Debug|Any CPU.Build.0 = Debug|Any CPU
		{A008E9B5-D56F-43EB-A013-4C6FF736E17B}.Release|Any CPU.ActiveCfg = Release|Any CPU
		{A008E9B5-D56F-43EB-A013-4C6FF736E17B}.Release|Any CPU.Build.0 = Release|Any CPU
		{A008E9B5-D56F-43EB-A013-4C6FF736E17B}.Debug|iPhoneSimulator.ActiveCfg = Debug|Any CPU
		{A008E9B5-D56F-43EB-A013-4C6FF736E17B}.Debug|iPhoneSimulator.Build.0 = Debug|Any CPU
		{A008E9B5-D56F-43EB-A013-4C6FF736E17B}.Release|iPhoneSimulator.ActiveCfg = Release|Any CPU
		{A008E9B5-D56F-43EB-A013-4C6FF736E17B}.Release|iPhoneSimulator.Build.0 = Release|Any CPU
		{A008E9B5-D56F-43EB-A013-4C6FF736E17B}.Debug|iPhone.ActiveCfg = Debug|Any CPU
		{A008E9B5-D56F-43EB-A013-4C6FF736E17B}.Debug|iPhone.Build.0 = Debug|Any CPU
		{A008E9B5-D56F-43EB-A013-4C6FF736E17B}.Release|iPhone.ActiveCfg = Release|Any CPU
		{A008E9B5-D56F-43EB-A013-4C6FF736E17B}.Release|iPhone.Build.0 = Release|Any CPU
		{A008E9B5-D56F-43EB-A013-4C6FF736E17B}.Ad-Hoc|iPhone.ActiveCfg = Debug|Any CPU
		{A008E9B5-D56F-43EB-A013-4C6FF736E17B}.Ad-Hoc|iPhone.Build.0 = Debug|Any CPU
		{A008E9B5-D56F-43EB-A013-4C6FF736E17B}.AppStore|iPhone.ActiveCfg = Debug|Any CPU
		{A008E9B5-D56F-43EB-A013-4C6FF736E17B}.AppStore|iPhone.Build.0 = Debug|Any CPU
		{69DA10F0-CDF3-4959-8FD3-7761A0DE1BCD}.Debug|Any CPU.ActiveCfg = Debug|iPhoneSimulator
		{69DA10F0-CDF3-4959-8FD3-7761A0DE1BCD}.Debug|Any CPU.Build.0 = Debug|iPhoneSimulator
		{69DA10F0-CDF3-4959-8FD3-7761A0DE1BCD}.Release|Any CPU.ActiveCfg = Release|iPhoneSimulator
		{69DA10F0-CDF3-4959-8FD3-7761A0DE1BCD}.Release|Any CPU.Build.0 = Release|iPhoneSimulator
		{69DA10F0-CDF3-4959-8FD3-7761A0DE1BCD}.Debug|iPhoneSimulator.ActiveCfg = Debug|iPhoneSimulator
		{69DA10F0-CDF3-4959-8FD3-7761A0DE1BCD}.Debug|iPhoneSimulator.Build.0 = Debug|iPhoneSimulator
		{69DA10F0-CDF3-4959-8FD3-7761A0DE1BCD}.Release|iPhoneSimulator.ActiveCfg = Release|iPhoneSimulator
		{69DA10F0-CDF3-4959-8FD3-7761A0DE1BCD}.Release|iPhoneSimulator.Build.0 = Release|iPhoneSimulator
		{69DA10F0-CDF3-4959-8FD3-7761A0DE1BCD}.Debug|iPhone.ActiveCfg = Debug|iPhone
		{69DA10F0-CDF3-4959-8FD3-7761A0DE1BCD}.Debug|iPhone.Build.0 = Debug|iPhone
		{69DA10F0-CDF3-4959-8FD3-7761A0DE1BCD}.Release|iPhone.ActiveCfg = Release|iPhone
		{69DA10F0-CDF3-4959-8FD3-7761A0DE1BCD}.Release|iPhone.Build.0 = Release|iPhone
		{69DA10F0-CDF3-4959-8FD3-7761A0DE1BCD}.Ad-Hoc|iPhone.ActiveCfg = Ad-Hoc|iPhone
		{69DA10F0-CDF3-4959-8FD3-7761A0DE1BCD}.Ad-Hoc|iPhone.Build.0 = Ad-Hoc|iPhone
		{69DA10F0-CDF3-4959-8FD3-7761A0DE1BCD}.AppStore|iPhone.ActiveCfg = AppStore|iPhone
		{69DA10F0-CDF3-4959-8FD3-7761A0DE1BCD}.AppStore|iPhone.Build.0 = AppStore|iPhone
		{BD4A4A8B-3703-4973-ABFD-866A86C2C8A0}.Debug|Any CPU.ActiveCfg = Debug|Any CPU
		{BD4A4A8B-3703-4973-ABFD-866A86C2C8A0}.Debug|Any CPU.Build.0 = Debug|Any CPU
		{BD4A4A8B-3703-4973-ABFD-866A86C2C8A0}.Release|Any CPU.ActiveCfg = Release|Any CPU
		{BD4A4A8B-3703-4973-ABFD-866A86C2C8A0}.Release|Any CPU.Build.0 = Release|Any CPU
		{BD4A4A8B-3703-4973-ABFD-866A86C2C8A0}.Debug|iPhoneSimulator.ActiveCfg = Debug|Any CPU
		{BD4A4A8B-3703-4973-ABFD-866A86C2C8A0}.Debug|iPhoneSimulator.Build.0 = Debug|Any CPU
		{BD4A4A8B-3703-4973-ABFD-866A86C2C8A0}.Release|iPhoneSimulator.ActiveCfg = Release|Any CPU
		{BD4A4A8B-3703-4973-ABFD-866A86C2C8A0}.Release|iPhoneSimulator.Build.0 = Release|Any CPU
		{BD4A4A8B-3703-4973-ABFD-866A86C2C8A0}.Debug|iPhone.ActiveCfg = Debug|Any CPU
		{BD4A4A8B-3703-4973-ABFD-866A86C2C8A0}.Debug|iPhone.Build.0 = Debug|Any CPU
		{BD4A4A8B-3703-4973-ABFD-866A86C2C8A0}.Release|iPhone.ActiveCfg = Release|Any CPU
		{BD4A4A8B-3703-4973-ABFD-866A86C2C8A0}.Release|iPhone.Build.0 = Release|Any CPU
		{BD4A4A8B-3703-4973-ABFD-866A86C2C8A0}.Ad-Hoc|iPhone.ActiveCfg = Debug|Any CPU
		{BD4A4A8B-3703-4973-ABFD-866A86C2C8A0}.Ad-Hoc|iPhone.Build.0 = Debug|Any CPU
		{BD4A4A8B-3703-4973-ABFD-866A86C2C8A0}.AppStore|iPhone.ActiveCfg = Debug|Any CPU
		{BD4A4A8B-3703-4973-ABFD-866A86C2C8A0}.AppStore|iPhone.Build.0 = Debug|Any CPU
	EndGlobalSection
EndGlobal
